PODS:
  - appcenter-analytics (4.2.0):
    - AppCenter/Analytics (~> 4.0)
    - AppCenterReactNativeShared (~> 4.0)
    - React-Core
  - appcenter-core (4.2.0):
    - AppCenterReactNativeShared (~> 4.0)
    - React-Core
  - appcenter-crashes (4.2.0):
    - AppCenter/Crashes (~> 4.0)
    - AppCenterReactNativeShared (~> 4.0)
    - React-Core
  - AppCenter/Analytics (4.2.0):
    - AppCenter/Core
  - AppCenter/Core (4.2.0)
  - AppCenter/Crashes (4.2.0):
    - AppCenter/Core
  - AppCenterReactNativeShared (4.2.0):
    - AppCenter/Core (= 4.2.0)
  - boost-for-react-native (1.63.0)
  - BVLinearGradient (2.5.4):
    - React
  - DoubleConversion (1.1.6)
  - FBLazyVector (0.63.4-0)
  - FBReactNativeSpec (0.63.4-0):
    - Folly (= 2020.01.13.00)
    - RCTRequired (= 0.63.4-0)
    - RCTTypeSafety (= 0.63.4-0)
    - React-Core (= 0.63.4-0)
    - React-jsi (= 0.63.4-0)
    - ReactCommon/turbomodule/core (= 0.63.4-0)
  - Folly (2020.01.13.00):
    - boost-for-react-native
    - DoubleConversion
    - Folly/Default (= 2020.01.13.00)
    - glog
  - Folly/Default (2020.01.13.00):
    - boost-for-react-native
    - DoubleConversion
    - glog
  - glog (0.3.5)
  - google-cast-sdk-no-bluetooth (4.6.1):
    - google-cast-sdk-no-bluetooth/Core (= 4.6.1)
    - Protobuf (~> 3.13)
  - google-cast-sdk-no-bluetooth/Core (4.6.1):
    - Protobuf (~> 3.13)
  - libwebp (1.2.0):
    - libwebp/demux (= 1.2.0)
    - libwebp/mux (= 1.2.0)
    - libwebp/webp (= 1.2.0)
  - libwebp/demux (1.2.0):
    - libwebp/webp
  - libwebp/mux (1.2.0):
    - libwebp/demux
  - libwebp/webp (1.2.0)
  - lottie-ios (3.1.9)
  - lottie-react-native (3.5.0):
    - lottie-ios (~> 3.1.8)
    - React-Core
  - NewRelicAgent (7.0.0)
  - Protobuf (3.17.0)
  - RCTRequired (0.63.4-0)
  - RCTSystemSetting (1.7.6):
    - React
  - RCTTypeSafety (0.63.4-0):
    - FBLazyVector (= 0.63.4-0)
    - Folly (= 2020.01.13.00)
    - RCTRequired (= 0.63.4-0)
    - React-Core (= 0.63.4-0)
  - React (0.63.4-0):
    - React-Core (= 0.63.4-0)
    - React-Core/DevSupport (= 0.63.4-0)
    - React-Core/RCTWebSocket (= 0.63.4-0)
    - React-RCTAnimation (= 0.63.4-0)
    - React-RCTBlob (= 0.63.4-0)
    - React-RCTImage (= 0.63.4-0)
    - React-RCTLinking (= 0.63.4-0)
    - React-RCTNetwork (= 0.63.4-0)
    - React-RCTSettings (= 0.63.4-0)
    - React-RCTText (= 0.63.4-0)
  - React-callinvoker (0.63.4-0)
  - React-Core (0.63.4-0):
    - Folly (= 2020.01.13.00)
    - glog
    - React-Core/Default (= 0.63.4-0)
    - React-cxxreact (= 0.63.4-0)
    - React-jsi (= 0.63.4-0)
    - React-jsiexecutor (= 0.63.4-0)
    - Yoga
  - React-Core/CoreModulesHeaders (0.63.4-0):
    - Folly (= 2020.01.13.00)
    - glog
    - React-Core/Default
    - React-cxxreact (= 0.63.4-0)
    - React-jsi (= 0.63.4-0)
    - React-jsiexecutor (= 0.63.4-0)
    - Yoga
  - React-Core/Default (0.63.4-0):
    - Folly (= 2020.01.13.00)
    - glog
    - React-cxxreact (= 0.63.4-0)
    - React-jsi (= 0.63.4-0)
    - React-jsiexecutor (= 0.63.4-0)
    - Yoga
  - React-Core/DevSupport (0.63.4-0):
    - Folly (= 2020.01.13.00)
    - glog
    - React-Core/Default (= 0.63.4-0)
    - React-Core/RCTWebSocket (= 0.63.4-0)
    - React-cxxreact (= 0.63.4-0)
    - React-jsi (= 0.63.4-0)
    - React-jsiexecutor (= 0.63.4-0)
    - React-jsinspector (= 0.63.4-0)
    - Yoga
  - React-Core/RCTActionSheetHeaders (0.63.4-0):
    - Folly (= 2020.01.13.00)
    - glog
    - React-Core/Default
    - React-cxxreact (= 0.63.4-0)
    - React-jsi (= 0.63.4-0)
    - React-jsiexecutor (= 0.63.4-0)
    - Yoga
  - React-Core/RCTAnimationHeaders (0.63.4-0):
    - Folly (= 2020.01.13.00)
    - glog
    - React-Core/Default
    - React-cxxreact (= 0.63.4-0)
    - React-jsi (= 0.63.4-0)
    - React-jsiexecutor (= 0.63.4-0)
    - Yoga
  - React-Core/RCTBlobHeaders (0.63.4-0):
    - Folly (= 2020.01.13.00)
    - glog
    - React-Core/Default
    - React-cxxreact (= 0.63.4-0)
    - React-jsi (= 0.63.4-0)
    - React-jsiexecutor (= 0.63.4-0)
    - Yoga
  - React-Core/RCTImageHeaders (0.63.4-0):
    - Folly (= 2020.01.13.00)
    - glog
    - React-Core/Default
    - React-cxxreact (= 0.63.4-0)
    - React-jsi (= 0.63.4-0)
    - React-jsiexecutor (= 0.63.4-0)
    - Yoga
  - React-Core/RCTLinkingHeaders (0.63.4-0):
    - Folly (= 2020.01.13.00)
    - glog
    - React-Core/Default
    - React-cxxreact (= 0.63.4-0)
    - React-jsi (= 0.63.4-0)
    - React-jsiexecutor (= 0.63.4-0)
    - Yoga
  - React-Core/RCTNetworkHeaders (0.63.4-0):
    - Folly (= 2020.01.13.00)
    - glog
    - React-Core/Default
    - React-cxxreact (= 0.63.4-0)
    - React-jsi (= 0.63.4-0)
    - React-jsiexecutor (= 0.63.4-0)
    - Yoga
  - React-Core/RCTSettingsHeaders (0.63.4-0):
    - Folly (= 2020.01.13.00)
    - glog
    - React-Core/Default
    - React-cxxreact (= 0.63.4-0)
    - React-jsi (= 0.63.4-0)
    - React-jsiexecutor (= 0.63.4-0)
    - Yoga
  - React-Core/RCTTextHeaders (0.63.4-0):
    - Folly (= 2020.01.13.00)
    - glog
    - React-Core/Default
    - React-cxxreact (= 0.63.4-0)
    - React-jsi (= 0.63.4-0)
    - React-jsiexecutor (= 0.63.4-0)
    - Yoga
  - React-Core/RCTVibrationHeaders (0.63.4-0):
    - Folly (= 2020.01.13.00)
    - glog
    - React-Core/Default
    - React-cxxreact (= 0.63.4-0)
    - React-jsi (= 0.63.4-0)
    - React-jsiexecutor (= 0.63.4-0)
    - Yoga
  - React-Core/RCTWebSocket (0.63.4-0):
    - Folly (= 2020.01.13.00)
    - glog
    - React-Core/Default (= 0.63.4-0)
    - React-cxxreact (= 0.63.4-0)
    - React-jsi (= 0.63.4-0)
    - React-jsiexecutor (= 0.63.4-0)
    - Yoga
  - React-CoreModules (0.63.4-0):
    - FBReactNativeSpec (= 0.63.4-0)
    - Folly (= 2020.01.13.00)
    - RCTTypeSafety (= 0.63.4-0)
    - React-Core/CoreModulesHeaders (= 0.63.4-0)
    - React-jsi (= 0.63.4-0)
    - React-RCTImage (= 0.63.4-0)
    - ReactCommon/turbomodule/core (= 0.63.4-0)
  - React-cxxreact (0.63.4-0):
    - boost-for-react-native (= 1.63.0)
    - DoubleConversion
    - Folly (= 2020.01.13.00)
    - glog
    - React-callinvoker (= 0.63.4-0)
    - React-jsinspector (= 0.63.4-0)
  - React-jsi (0.63.4-0):
    - boost-for-react-native (= 1.63.0)
    - DoubleConversion
    - Folly (= 2020.01.13.00)
    - glog
    - React-jsi/Default (= 0.63.4-0)
  - React-jsi/Default (0.63.4-0):
    - boost-for-react-native (= 1.63.0)
    - DoubleConversion
    - Folly (= 2020.01.13.00)
    - glog
  - React-jsiexecutor (0.63.4-0):
    - DoubleConversion
    - Folly (= 2020.01.13.00)
    - glog
    - React-cxxreact (= 0.63.4-0)
    - React-jsi (= 0.63.4-0)
  - React-jsinspector (0.63.4-0)
  - react-native-blur (0.8.0):
    - React
  - react-native-config (1.4.3):
    - react-native-config/App (= 1.4.3)
  - react-native-config/App (1.4.3):
    - React-Core
  - react-native-google-cast/NoBluetooth (3.3.0):
    - google-cast-sdk-no-bluetooth
    - React
    - react-native-google-cast/RNGoogleCast
  - react-native-google-cast/RNGoogleCast (3.3.0):
    - React
  - react-native-home-indicator (0.2.6):
    - React-Core
  - react-native-month-year-picker (1.6.4):
    - React
  - react-native-netinfo (5.9.10):
    - React-Core
  - react-native-newrelic (1.1.4):
    - NewRelicAgent (= 7.0.0)
    - React
  - react-native-orientation-locker (1.1.6):
    - React
  - react-native-safe-area-context (0.7.3):
    - React
  - react-native-segmented-control (2.2.2):
    - React-Core
  - react-native-slider (2.0.0):
    - React
  - react-native-splash-screen (3.2.0):
    - React
  - react-native-swrve-plugin (1.3.0):
    - React-Core
    - SwrveSDK (= 6.8.1)
  - react-native-version-check (3.4.2):
    - React
  - react-native-video (5.1.1):
    - React-Core
    - react-native-video/Video (= 5.1.1)
  - react-native-video/Video (5.1.1):
    - React-Core
  - react-native-webview (11.6.6):
    - React-Core
  - React-RCTActionSheet (0.63.4-0):
    - React-Core/RCTActionSheetHeaders (= 0.63.4-0)
  - React-RCTAnimation (0.63.4-0):
    - FBReactNativeSpec (= 0.63.4-0)
    - Folly (= 2020.01.13.00)
    - RCTTypeSafety (= 0.63.4-0)
    - React-Core/RCTAnimationHeaders (= 0.63.4-0)
    - React-jsi (= 0.63.4-0)
    - ReactCommon/turbomodule/core (= 0.63.4-0)
  - React-RCTBlob (0.63.4-0):
    - FBReactNativeSpec (= 0.63.4-0)
    - Folly (= 2020.01.13.00)
    - React-Core/RCTBlobHeaders (= 0.63.4-0)
    - React-Core/RCTWebSocket (= 0.63.4-0)
    - React-jsi (= 0.63.4-0)
    - React-RCTNetwork (= 0.63.4-0)
    - ReactCommon/turbomodule/core (= 0.63.4-0)
  - React-RCTImage (0.63.4-0):
    - FBReactNativeSpec (= 0.63.4-0)
    - Folly (= 2020.01.13.00)
    - RCTTypeSafety (= 0.63.4-0)
    - React-Core/RCTImageHeaders (= 0.63.4-0)
    - React-jsi (= 0.63.4-0)
    - React-RCTNetwork (= 0.63.4-0)
    - ReactCommon/turbomodule/core (= 0.63.4-0)
  - React-RCTLinking (0.63.4-0):
    - FBReactNativeSpec (= 0.63.4-0)
    - React-Core/RCTLinkingHeaders (= 0.63.4-0)
    - React-jsi (= 0.63.4-0)
    - ReactCommon/turbomodule/core (= 0.63.4-0)
  - React-RCTNetwork (0.63.4-0):
    - FBReactNativeSpec (= 0.63.4-0)
    - Folly (= 2020.01.13.00)
    - RCTTypeSafety (= 0.63.4-0)
    - React-Core/RCTNetworkHeaders (= 0.63.4-0)
    - React-jsi (= 0.63.4-0)
    - ReactCommon/turbomodule/core (= 0.63.4-0)
  - React-RCTSettings (0.63.4-0):
    - FBReactNativeSpec (= 0.63.4-0)
    - Folly (= 2020.01.13.00)
    - RCTTypeSafety (= 0.63.4-0)
    - React-Core/RCTSettingsHeaders (= 0.63.4-0)
    - React-jsi (= 0.63.4-0)
    - ReactCommon/turbomodule/core (= 0.63.4-0)
  - React-RCTText (0.63.4-0):
    - React-Core/RCTTextHeaders (= 0.63.4-0)
  - React-RCTVibration (0.63.4-0):
    - FBReactNativeSpec (= 0.63.4-0)
    - Folly (= 2020.01.13.00)
    - React-Core/RCTVibrationHeaders (= 0.63.4-0)
    - React-jsi (= 0.63.4-0)
    - ReactCommon/turbomodule/core (= 0.63.4-0)
  - ReactCommon/turbomodule/core (0.63.4-0):
    - DoubleConversion
    - Folly (= 2020.01.13.00)
    - glog
    - React-callinvoker (= 0.63.4-0)
    - React-Core (= 0.63.4-0)
    - React-cxxreact (= 0.63.4-0)
    - React-jsi (= 0.63.4-0)
  - ReactNativeLocalization (2.1.7):
    - React-Core
  - rn-fetch-blob (0.12.0):
    - React-Core
  - rn-qp-nxg-player (1.7.10):
    - React
    - YouboraAVPlayerAdapter (= 6.3.4)
    - YouboraLib (= 6.3.9)
  - RNCAsyncStorage (1.15.5):
    - React-Core
  - RNCMaskedView (0.1.11):
    - React
  - RNDateTimePicker (3.5.2):
    - React-Core
  - RNDeviceInfo (5.6.5):
    - React
  - RNFastImage (7.0.2):
    - React
    - SDWebImage (~> 5.0)
    - SDWebImageWebPCoder (~> 0.2.3)
  - RNGestureHandler (1.5.0):
    - React
  - RNIap (7.1.0):
    - React-Core
  - RNInAppBrowser (3.6.3):
    - React-Core
  - RNKeychain (6.2.0):
    - React
  - RNLocalize (1.4.3):
    - React-Core
  - RNReanimated (1.8.0):
    - React
  - RNScreens (2.18.1):
    - React-Core
  - RNSVG (12.1.1):
    - React
  - RNVectorIcons (7.1.0):
    - React
  - SDWebImage (5.11.1):
    - SDWebImage/Core (= 5.11.1)
  - SDWebImage/Core (5.11.1)
  - SDWebImageWebPCoder (0.2.5):
    - libwebp (~> 1.0)
    - SDWebImage/Core (~> 5.0)
  - SRSRadialGradient (1.0.8):
    - React
  - SwrveConversationSDK (6.8.1):
    - SwrveSDKCommon (= 6.8.1)
  - SwrveSDK (6.8.1):
    - SwrveConversationSDK (= 6.8.1)
    - SwrveSDKCommon (= 6.8.1)
  - SwrveSDKCommon (6.8.1)
  - Yoga (1.14.0)
  - YouboraAVPlayerAdapter (6.3.4):
    - YouboraLib (~> 6.3.0)
  - YouboraLib (6.3.9)

DEPENDENCIES:
  - appcenter-analytics (from `../node_modules/appcenter-analytics/ios`)
  - appcenter-core (from `../node_modules/appcenter/ios`)
  - appcenter-crashes (from `../node_modules/appcenter-crashes/ios`)
  - BVLinearGradient (from `../node_modules/react-native-linear-gradient`)
  - DoubleConversion (from `../node_modules/react-native/third-party-podspecs/DoubleConversion.podspec`)
  - FBLazyVector (from `../node_modules/react-native/Libraries/FBLazyVector`)
  - FBReactNativeSpec (from `../node_modules/react-native/Libraries/FBReactNativeSpec`)
  - Folly (from `../node_modules/react-native/third-party-podspecs/Folly.podspec`)
  - glog (from `../node_modules/react-native/third-party-podspecs/glog.podspec`)
  - lottie-react-native (from `../node_modules/lottie-react-native`)
  - NewRelicAgent
  - RCTRequired (from `../node_modules/react-native/Libraries/RCTRequired`)
  - RCTSystemSetting (from `../node_modules/react-native-system-setting`)
  - RCTTypeSafety (from `../node_modules/react-native/Libraries/TypeSafety`)
  - React (from `../node_modules/react-native/`)
  - React-callinvoker (from `../node_modules/react-native/ReactCommon/callinvoker`)
  - React-Core (from `../node_modules/react-native/`)
  - React-Core/DevSupport (from `../node_modules/react-native/`)
  - React-Core/RCTWebSocket (from `../node_modules/react-native/`)
  - React-CoreModules (from `../node_modules/react-native/React/CoreModules`)
  - React-cxxreact (from `../node_modules/react-native/ReactCommon/cxxreact`)
  - React-jsi (from `../node_modules/react-native/ReactCommon/jsi`)
  - React-jsiexecutor (from `../node_modules/react-native/ReactCommon/jsiexecutor`)
  - React-jsinspector (from `../node_modules/react-native/ReactCommon/jsinspector`)
  - "react-native-blur (from `../node_modules/@react-native-community/blur`)"
  - react-native-config (from `../node_modules/react-native-config`)
  - react-native-google-cast/NoBluetooth (from `../node_modules/react-native-google-cast/ios/`)
  - react-native-home-indicator (from `../node_modules/react-native-home-indicator`)
  - react-native-month-year-picker (from `../node_modules/react-native-month-year-picker`)
  - "react-native-netinfo (from `../node_modules/@react-native-community/netinfo`)"
  - react-native-newrelic (from `../node_modules/rn-qp-nxg-newrelic`)
  - react-native-orientation-locker (from `../node_modules/react-native-orientation-locker`)
  - react-native-safe-area-context (from `../node_modules/react-native-safe-area-context`)
  - "react-native-segmented-control (from `../node_modules/@react-native-community/segmented-control`)"
  - "react-native-slider (from `../node_modules/@react-native-community/slider`)"
  - react-native-splash-screen (from `../node_modules/react-native-splash-screen`)
  - react-native-swrve-plugin (from `../node_modules/react-native-swrve-plugin`)
  - react-native-version-check (from `../node_modules/react-native-version-check`)
  - react-native-video (from `../node_modules/react-native-video`)
  - react-native-webview (from `../node_modules/react-native-webview`)
  - React-RCTActionSheet (from `../node_modules/react-native/Libraries/ActionSheetIOS`)
  - React-RCTAnimation (from `../node_modules/react-native/Libraries/NativeAnimation`)
  - React-RCTBlob (from `../node_modules/react-native/Libraries/Blob`)
  - React-RCTImage (from `../node_modules/react-native/Libraries/Image`)
  - React-RCTLinking (from `../node_modules/react-native/Libraries/LinkingIOS`)
  - React-RCTNetwork (from `../node_modules/react-native/Libraries/Network`)
  - React-RCTSettings (from `../node_modules/react-native/Libraries/Settings`)
  - React-RCTText (from `../node_modules/react-native/Libraries/Text`)
  - React-RCTVibration (from `../node_modules/react-native/Libraries/Vibration`)
  - ReactCommon/turbomodule/core (from `../node_modules/react-native/ReactCommon`)
  - ReactNativeLocalization (from `../node_modules/react-native-localization`)
  - rn-fetch-blob (from `../node_modules/rn-fetch-blob`)
  - rn-qp-nxg-player (from `../node_modules/rn-qp-nxg-player`)
  - "RNCAsyncStorage (from `../node_modules/@react-native-async-storage/async-storage`)"
  - "RNCMaskedView (from `../node_modules/@react-native-community/masked-view`)"
  - "RNDateTimePicker (from `../node_modules/@react-native-community/datetimepicker`)"
  - RNDeviceInfo (from `../node_modules/react-native-device-info`)
  - RNFastImage (from `../node_modules/react-native-fast-image`)
  - RNGestureHandler (from `../node_modules/react-native-gesture-handler/RNGestureHandler.podspec`)
  - RNIap (from `../node_modules/react-native-iap`)
  - RNInAppBrowser (from `../node_modules/react-native-inappbrowser-reborn`)
  - RNKeychain (from `../node_modules/react-native-keychain`)
  - RNLocalize (from `../node_modules/react-native-localize`)
  - RNReanimated (from `../node_modules/react-native-reanimated`)
  - RNScreens (from `../node_modules/react-native-screens`)
  - RNSVG (from `../node_modules/react-native-svg`)
  - RNVectorIcons (from `../node_modules/react-native-vector-icons`)
  - SRSRadialGradient (from `../node_modules/react-native-radial-gradient/ios`)
  - Yoga (from `../node_modules/react-native/ReactCommon/yoga`)

SPEC REPOS:
  trunk:
    - AppCenter
    - AppCenterReactNativeShared
    - boost-for-react-native
    - google-cast-sdk-no-bluetooth
    - libwebp
    - lottie-ios
    - NewRelicAgent
    - Protobuf
    - SDWebImage
    - SDWebImageWebPCoder
    - SwrveConversationSDK
    - SwrveSDK
    - SwrveSDKCommon
    - YouboraAVPlayerAdapter
    - YouboraLib

EXTERNAL SOURCES:
  appcenter-analytics:
    :path: "../node_modules/appcenter-analytics/ios"
  appcenter-core:
    :path: "../node_modules/appcenter/ios"
  appcenter-crashes:
    :path: "../node_modules/appcenter-crashes/ios"
  BVLinearGradient:
    :path: "../node_modules/react-native-linear-gradient"
  DoubleConversion:
    :podspec: "../node_modules/react-native/third-party-podspecs/DoubleConversion.podspec"
  FBLazyVector:
    :path: "../node_modules/react-native/Libraries/FBLazyVector"
  FBReactNativeSpec:
    :path: "../node_modules/react-native/Libraries/FBReactNativeSpec"
  Folly:
    :podspec: "../node_modules/react-native/third-party-podspecs/Folly.podspec"
  glog:
    :podspec: "../node_modules/react-native/third-party-podspecs/glog.podspec"
  lottie-react-native:
    :path: "../node_modules/lottie-react-native"
  RCTRequired:
    :path: "../node_modules/react-native/Libraries/RCTRequired"
  RCTSystemSetting:
    :path: "../node_modules/react-native-system-setting"
  RCTTypeSafety:
    :path: "../node_modules/react-native/Libraries/TypeSafety"
  React:
    :path: "../node_modules/react-native/"
  React-callinvoker:
    :path: "../node_modules/react-native/ReactCommon/callinvoker"
  React-Core:
    :path: "../node_modules/react-native/"
  React-CoreModules:
    :path: "../node_modules/react-native/React/CoreModules"
  React-cxxreact:
    :path: "../node_modules/react-native/ReactCommon/cxxreact"
  React-jsi:
    :path: "../node_modules/react-native/ReactCommon/jsi"
  React-jsiexecutor:
    :path: "../node_modules/react-native/ReactCommon/jsiexecutor"
  React-jsinspector:
    :path: "../node_modules/react-native/ReactCommon/jsinspector"
  react-native-blur:
    :path: "../node_modules/@react-native-community/blur"
  react-native-config:
    :path: "../node_modules/react-native-config"
  react-native-google-cast:
    :path: "../node_modules/react-native-google-cast/ios/"
  react-native-home-indicator:
    :path: "../node_modules/react-native-home-indicator"
  react-native-month-year-picker:
    :path: "../node_modules/react-native-month-year-picker"
  react-native-netinfo:
    :path: "../node_modules/@react-native-community/netinfo"
  react-native-newrelic:
    :path: "../node_modules/rn-qp-nxg-newrelic"
  react-native-orientation-locker:
    :path: "../node_modules/react-native-orientation-locker"
  react-native-safe-area-context:
    :path: "../node_modules/react-native-safe-area-context"
  react-native-segmented-control:
    :path: "../node_modules/@react-native-community/segmented-control"
  react-native-slider:
    :path: "../node_modules/@react-native-community/slider"
  react-native-splash-screen:
    :path: "../node_modules/react-native-splash-screen"
  react-native-swrve-plugin:
    :path: "../node_modules/react-native-swrve-plugin"
  react-native-version-check:
    :path: "../node_modules/react-native-version-check"
  react-native-video:
    :path: "../node_modules/react-native-video"
  react-native-webview:
    :path: "../node_modules/react-native-webview"
  React-RCTActionSheet:
    :path: "../node_modules/react-native/Libraries/ActionSheetIOS"
  React-RCTAnimation:
    :path: "../node_modules/react-native/Libraries/NativeAnimation"
  React-RCTBlob:
    :path: "../node_modules/react-native/Libraries/Blob"
  React-RCTImage:
    :path: "../node_modules/react-native/Libraries/Image"
  React-RCTLinking:
    :path: "../node_modules/react-native/Libraries/LinkingIOS"
  React-RCTNetwork:
    :path: "../node_modules/react-native/Libraries/Network"
  React-RCTSettings:
    :path: "../node_modules/react-native/Libraries/Settings"
  React-RCTText:
    :path: "../node_modules/react-native/Libraries/Text"
  React-RCTVibration:
    :path: "../node_modules/react-native/Libraries/Vibration"
  ReactCommon:
    :path: "../node_modules/react-native/ReactCommon"
  ReactNativeLocalization:
    :path: "../node_modules/react-native-localization"
  rn-fetch-blob:
    :path: "../node_modules/rn-fetch-blob"
  rn-qp-nxg-player:
    :path: "../node_modules/rn-qp-nxg-player"
  RNCAsyncStorage:
    :path: "../node_modules/@react-native-async-storage/async-storage"
  RNCMaskedView:
    :path: "../node_modules/@react-native-community/masked-view"
  RNDateTimePicker:
    :path: "../node_modules/@react-native-community/datetimepicker"
  RNDeviceInfo:
    :path: "../node_modules/react-native-device-info"
  RNFastImage:
    :path: "../node_modules/react-native-fast-image"
  RNGestureHandler:
    :podspec: "../node_modules/react-native-gesture-handler/RNGestureHandler.podspec"
  RNIap:
    :path: "../node_modules/react-native-iap"
  RNInAppBrowser:
    :path: "../node_modules/react-native-inappbrowser-reborn"
  RNKeychain:
    :path: "../node_modules/react-native-keychain"
  RNLocalize:
    :path: "../node_modules/react-native-localize"
  RNReanimated:
    :path: "../node_modules/react-native-reanimated"
  RNScreens:
    :path: "../node_modules/react-native-screens"
  RNSVG:
    :path: "../node_modules/react-native-svg"
  RNVectorIcons:
    :path: "../node_modules/react-native-vector-icons"
  SRSRadialGradient:
    :path: "../node_modules/react-native-radial-gradient/ios"
  Yoga:
    :path: "../node_modules/react-native/ReactCommon/yoga"

SPEC CHECKSUMS:
  AppCenter: 87ef6eefd8ade4df59e88951288587429f3dd2a5
  appcenter-analytics: e34c776aa7145d0f3834c3bba2e003800d1572fe
  appcenter-core: 1d3ae87d4f9280db4522fe8c25d3f7c9ab8e415f
  appcenter-crashes: dcfc443bd9fe7094e4fe49b15fabe68389a80c70
  AppCenterReactNativeShared: ef370308277adf71ec1586798b196e4cc35335ea
  boost-for-react-native: 39c7adb57c4e60d6c5479dd8623128eb5b3f0f2c
  BVLinearGradient: 8cbc5155c978f2e43098818c91d206d07aae6d30
  DoubleConversion: cde416483dac037923206447da6e1454df403714
  FBLazyVector: c036ad5a81ef36360c781b39c878267068e5ba32
  FBReactNativeSpec: 89777e9e170f9b5831f52361df305d65a91bbe8d
  Folly: b73c3869541e86821df3c387eb0af5f65addfab4
  glog: 40a13f7840415b9a77023fbcae0f1e6f43192af3
  google-cast-sdk-no-bluetooth: b3037c14fdf07a794326502e799beb0875ab2029
  libwebp: e90b9c01d99205d03b6bb8f2c8c415e5a4ef66f0
  lottie-ios: 3a3758ef5a008e762faec9c9d50a39842f26d124
  lottie-react-native: 4ebe3bac66076e4714d21ef13e5b13e78049a411
  NewRelicAgent: b3e6187be5ed02df3095c082dba8bc52c8ca326d
  Protobuf: 7327d4444215b5f18e560a97f879ff5503c4581c
  RCTRequired: 71d07d4c5531893d9847a40209ab13a6edcae395
  RCTSystemSetting: dd5f650105b39ea8d6202fcb16bfaf32b46dfe09
  RCTTypeSafety: 72ea41b0b05e0d83a24afd4c54386912bfab6042
  React: 85cde11f8e154157205eb6fd2e93c1fe1e0a9398
  React-callinvoker: 92f943b1578808c42261fe05f76fbea35d4106fd
  React-Core: ea8354e9885882046ee08109539a15e06649b92c
  React-CoreModules: db259541dd8d03bea7b402384101287e51b4fa78
  React-cxxreact: 98cc136996d4f4dfd67bcd36f797cbfd672ec71d
  React-jsi: 2fcfdb662799b6a2465a1ca727adb90d577f3c68
  React-jsiexecutor: a2d57cd174d11835a2e1369820664db94dc68244
  React-jsinspector: b02749ab9b71584a1a93e93bdf2b483179f5f4af
  react-native-blur: cad4d93b364f91e7b7931b3fa935455487e5c33c
  react-native-config: 387b1ea507bc50a2059e69149dac1342b9532f58
  react-native-google-cast: 410619ef162b8b91815ecf7271502224998dee8e
  react-native-home-indicator: 4001d2f40e9e0d6d430a46662f3d04feee170945
  react-native-month-year-picker: 9a59b4b8c4802a23123b0ce4ccadce880ad55f8a
  react-native-netinfo: 52cf0ee8342548a485e28f4b09e56b477567244d
  react-native-newrelic: cb95d928bf92322c8334203c7bde2411451a9a76
  react-native-orientation-locker: 9018003b7ac12cdbd08965c1d1f843acf35f2d7b
  react-native-safe-area-context: 8260e5157617df4b72865f44006797f895b2ada7
  react-native-segmented-control: e76778d2a724703f110bf2b696826fed98136b87
  react-native-slider: 27bcb456301032f9c7ea077a12d781765b5d6c3a
  react-native-splash-screen: f0fc37d69469951bec8ebe5375a82f85931b910a
  react-native-swrve-plugin: cd17fd20e68c3cf11f142514201e74d6e571943c
  react-native-version-check: d172c2041bdcc0afa72ed54412356addc092286c
  react-native-video: 1574074179ecaf6a9dd067116c8f31bf9fec15c8
  react-native-webview: d5c9d6c72ed1afc66511d9109a8740458b18aaf0
  React-RCTActionSheet: 5f3e34227c4a6a722cb8011867280d6288f43160
  React-RCTAnimation: 325e04d9a829ebf8199cf97dd93fbde540473ebe
  React-RCTBlob: ed6d47f5e46f71135c6d7c647c9c114641ee4ae4
  React-RCTImage: 38dbe05645489f5e6a18956c0b2456ec35f087b6
  React-RCTLinking: 7c33a149e1f505ce488dcc801708d2f5414ce605
  React-RCTNetwork: 88ce0bfd8e0759e429ba6d6c9ad314cca08c3569
  React-RCTSettings: 5cd325d709b78968dcb6123c0d84ebbe16ff2b98
  React-RCTText: c14fecaa52f682ffc920d21dc06accee58ac0475
  React-RCTVibration: 7038524514e9b0815a8a29f5b82854f773440454
  ReactCommon: d8af14f3e586d78c8e8443e32fedb4c2eb745402
  ReactNativeLocalization: abc52802ba2a0bd0396e1bc0571bd3c76c66cab1
  rn-fetch-blob: f065bb7ab7fb48dd002629f8bdcb0336602d3cba
  rn-qp-nxg-player: dda62fbad1446032be02ab4f1f10e591212b361c
  RNCAsyncStorage: 8324611026e8dc3706f829953aa6e3899f581589
  RNCMaskedView: f127cd9652acfa31b91dcff613e07ba18b774db6
  RNDateTimePicker: c9911be59b1f8670b9f244b85af3a7c295e175ed
  RNDeviceInfo: e841619c3dac5495a095c5455473579ff04908d4
  RNFastImage: 9b0c22643872bb7494c8d87bbbb66cc4c0d9e7a2
  RNGestureHandler: a4ddde1ffc6e590c8127b8b7eabfdade45475c74
  RNIap: 619124f5437d7f00e8f995dde2fa7e9a0085dea0
  RNInAppBrowser: 5672feb84e731411f6911979c71649c240a90202
  RNKeychain: b8e0711b959a19c5b057d1e970d3c83d159b6da5
  RNLocalize: 0bec457079fff916bf74a2bc714f15d03cb48ac4
  RNReanimated: 955cf4068714003d2f1a6e2bae3fb1118f359aff
  RNScreens: 137006f78c7ca8495c12ff05d14d12e9622d72e3
  RNSVG: 551acb6562324b1d52a4e0758f7ca0ec234e278f
  RNVectorIcons: bc69e6a278b14842063605de32bec61f0b251a59
  SDWebImage: a7f831e1a65eb5e285e3fb046a23fcfbf08e696d
  SDWebImageWebPCoder: 947093edd1349d820c40afbd9f42acb6cdecd987
  SRSRadialGradient: 71378a83e52b616c40367c37ee7cb6865f9f7c6e
  SwrveConversationSDK: e43773a451a61256789df70c2c568cd47e06c1cd
  SwrveSDK: 44a5f2867108e9e8ee86fd54e8220c9eac4153ad
  SwrveSDKCommon: fc7cb77519d1aa4ca482eb253064dc75a5174ebf
  Yoga: 1cb424a95ffa7e14cacce4c0ac07ba8e59393ebf
  YouboraAVPlayerAdapter: 3d1be274fc599da5e0a28dc530f5614b41ba4900
  YouboraLib: bee6890fb6cf8c4e8ff30a6462bc9692347e28ff

PODFILE CHECKSUM: 7df25418e2fc335ebc3e271208ec6d6eb103dfcd

COCOAPODS: 1.10.1
